
Microsoft Visual Studio Solution File, Format Version 12.00
# Visual Studio 15
VisualStudioVersion = 15.0.28307.421
MinimumVisualStudioVersion = 10.0.40219.1
Project("{FAE04EC0-301F-11D3-BF4B-00C04F79EFBC}") = "webapiCalculadora", "webapiCalculadora\webapiCalculadora.csproj", "{F1D0AD61-A18A-44A2-A03A-4B9DDC0B0BD4}"
EndProject
Global
	GlobalSection(SolutionConfigurationPlatforms) = preSolution
		Debug|Any CPU = Debug|Any CPU
		Release|Any CPU = Release|Any CPU
	EndGlobalSection
	GlobalSection(ProjectConfigurationPlatforms) = postSolution
		{F1D0AD61-A18A-44A2-A03A-4B9DDC0B0BD4}.Debug|Any CPU.ActiveCfg = Debug|Any CPU
		{F1D0AD61-A18A-44A2-A03A-4B9DDC0B0BD4}.Debug|Any CPU.Build.0 = Debug|Any CPU
		{F1D0AD61-A18A-44A2-A03A-4B9DDC0B0BD4}.Release|Any CPU.ActiveCfg = Release|Any CPU
		{F1D0AD61-A18A-44A2-A03A-4B9DDC0B0BD4}.Release|Any CPU.Build.0 = Release|Any CPU
	EndGlobalSection
	GlobalSection(SolutionProperties) = preSolution
		HideSolutionNode = FALSE
	EndGlobalSection
	GlobalSection(ExtensibilityGlobals) = postSolution
		SolutionGuid = {067CB2C1-8746-4B1A-963B-1F21FE446326}
	EndGlobalSection
EndGlobal
